{
  "name": "transaction",
  "version": "1.0.0",
  "lockfileVersion": 3,
  "requires": true,
  "packages": {
    "": {
      "name": "transaction",
      "version": "1.0.0",
      "license": "ISC",
      "dependencies": {
        "dotenv": "^17.2.1",
        "sui-kit": "^0.0.0"
      }
    },
    "node_modules/dotenv": {
      "version": "17.2.1",
      "resolved": "https://registry.npmjs.org/dotenv/-/dotenv-17.2.1.tgz",
      "integrity": "sha512-kQhDYKZecqnM0fCnzI5eIv5L4cAe/iRI+HqMbO/hbRdTAeXDG+M9FjipUxNfbARuEg4iHIbhnhs78BCHNbSxEQ==",
      "license": "BSD-2-Clause",
      "engines": {
        "node": ">=12"
      },
      "funding": {
        "url": "https://dotenvx.com"
      }
    },
    "node_modules/sui-kit": {
      "version": "0.0.0",
      "resolved": "https://registry.npmjs.org/sui-kit/-/sui-kit-0.0.0.tgz",
      "integrity": "sha512-xpUVCIg9mdX4fWUnEBUxjN6XyMEbW6dVFWuNXAvNaC2/PPxk42CVvn53NnUG/+5wh74mlEAfsQUcqY68L59LPA==",
      "license": "ISC"
    }
  }
}
